
Microsoft Visual Studio Solution File, Format Version 12.00
# Visual Studio Version 17
VisualStudioVersion = 17.8.34330.188
MinimumVisualStudioVersion = 10.0.40219.1
Project("{FAE04EC0-301F-11D3-BF4B-00C04F79EFBC}") = "DataTimeVariables", "DataTimeVariables\DataTimeVariables.csproj", "{C08EE3C8-8DAF-493C-9926-DEA322C38785}"
EndProject
Global
	GlobalSection(SolutionConfigurationPlatforms) = preSolution
		Debug|Any CPU = Debug|Any CPU
		Release|Any CPU = Release|Any CPU
	EndGlobalSection
	GlobalSection(ProjectConfigurationPlatforms) = postSolution
		{C08EE3C8-8DAF-493C-9926-DEA322C38785}.Debug|Any CPU.ActiveCfg = Debug|Any CPU
		{C08EE3C8-8DAF-493C-9926-DEA322C38785}.Debug|Any CPU.Build.0 = Debug|Any CPU
		{C08EE3C8-8DAF-493C-9926-DEA322C38785}.Release|Any CPU.ActiveCfg = Release|Any CPU
		{C08EE3C8-8DAF-493C-9926-DEA322C38785}.Release|Any CPU.Build.0 = Release|Any CPU
	EndGlobalSection
	GlobalSection(SolutionProperties) = preSolution
		HideSolutionNode = FALSE
	EndGlobalSection
	GlobalSection(ExtensibilityGlobals) = postSolution
		SolutionGuid = {7D4B4DD9-D7DB-481C-BAD3-F91C350971A2}
	EndGlobalSection
EndGlobal
